
Microsoft Visual Studio Solution File, Format Version 11.00
# Visual Studio 2010
Project("{FAE04EC0-301F-11D3-BF4B-00C04F79EFBC}") = "Zulassungssoftware_Webservice", "Zulassungssoftware_Webservice\Zulassungssoftware_Webservice.csproj", "{94CB051E-C8E8-4587-99DE-B103CA7C5E31}"
EndProject
Project("{FAE04EC0-301F-11D3-BF4B-00C04F79EFBC}") = "KVSCommon", "..\KVSCommon\KVSCommon.csproj", "{2726EAD6-1228-43CC-8E24-41E2AB65DC89}"
EndProject
Global
	GlobalSection(SolutionConfigurationPlatforms) = preSolution
		Debug|Any CPU = Debug|Any CPU
		Release|Any CPU = Release|Any CPU
	EndGlobalSection
	GlobalSection(ProjectConfigurationPlatforms) = postSolution
		{94CB051E-C8E8-4587-99DE-B103CA7C5E31}.Debug|Any CPU.ActiveCfg = Debug|Any CPU
		{94CB051E-C8E8-4587-99DE-B103CA7C5E31}.Debug|Any CPU.Build.0 = Debug|Any CPU
		{94CB051E-C8E8-4587-99DE-B103CA7C5E31}.Release|Any CPU.ActiveCfg = Release|Any CPU
		{94CB051E-C8E8-4587-99DE-B103CA7C5E31}.Release|Any CPU.Build.0 = Release|Any CPU
		{2726EAD6-1228-43CC-8E24-41E2AB65DC89}.Debug|Any CPU.ActiveCfg = Debug|Any CPU
		{2726EAD6-1228-43CC-8E24-41E2AB65DC89}.Debug|Any CPU.Build.0 = Debug|Any CPU
		{2726EAD6-1228-43CC-8E24-41E2AB65DC89}.Release|Any CPU.ActiveCfg = Release|Any CPU
		{2726EAD6-1228-43CC-8E24-41E2AB65DC89}.Release|Any CPU.Build.0 = Release|Any CPU
	EndGlobalSection
	GlobalSection(SolutionProperties) = preSolution
		HideSolutionNode = FALSE
	EndGlobalSection
EndGlobal
